
Microsoft Visual Studio Solution File, Format Version 12.00
# Visual Studio Version 16
VisualStudioVersion = 16.0.29613.14
MinimumVisualStudioVersion = 10.0.40219.1
Project("{F184B08F-C81C-45F6-A57F-5ABD9991F28F}") = "CarInventory", "CarInventory\CarInventory.vbproj", "{E851E464-C228-4278-8D95-2CB6D2B38EFD}"
EndProject
Global
	GlobalSection(SolutionConfigurationPlatforms) = preSolution
		Debug|Any CPU = Debug|Any CPU
		Release|Any CPU = Release|Any CPU
	EndGlobalSection
	GlobalSection(ProjectConfigurationPlatforms) = postSolution
		{E851E464-C228-4278-8D95-2CB6D2B38EFD}.Debug|Any CPU.ActiveCfg = Debug|Any CPU
		{E851E464-C228-4278-8D95-2CB6D2B38EFD}.Debug|Any CPU.Build.0 = Debug|Any CPU
		{E851E464-C228-4278-8D95-2CB6D2B38EFD}.Release|Any CPU.ActiveCfg = Release|Any CPU
		{E851E464-C228-4278-8D95-2CB6D2B38EFD}.Release|Any CPU.Build.0 = Release|Any CPU
	EndGlobalSection
	GlobalSection(SolutionProperties) = preSolution
		HideSolutionNode = FALSE
	EndGlobalSection
	GlobalSection(ExtensibilityGlobals) = postSolution
		SolutionGuid = {92615338-0751-443C-A3B1-FF80A335F404}
	EndGlobalSection
EndGlobal
